
Microsoft Visual Studio Solution File, Format Version 12.00
# Visual Studio 15
VisualStudioVersion = 15.0.27428.2015
MinimumVisualStudioVersion = 10.0.40219.1
Project("{F184B08F-C81C-45F6-A57F-5ABD9991F28F}") = "NameArrays", "NameArrays\NameArrays.vbproj", "{9F6FE258-B997-45D1-AB3B-479A5935A6FE}"
EndProject
Global
	GlobalSection(SolutionConfigurationPlatforms) = preSolution
		Debug|Any CPU = Debug|Any CPU
		Release|Any CPU = Release|Any CPU
	EndGlobalSection
	GlobalSection(ProjectConfigurationPlatforms) = postSolution
		{9F6FE258-B997-45D1-AB3B-479A5935A6FE}.Debug|Any CPU.ActiveCfg = Debug|Any CPU
		{9F6FE258-B997-45D1-AB3B-479A5935A6FE}.Debug|Any CPU.Build.0 = Debug|Any CPU
		{9F6FE258-B997-45D1-AB3B-479A5935A6FE}.Release|Any CPU.ActiveCfg = Release|Any CPU
		{9F6FE258-B997-45D1-AB3B-479A5935A6FE}.Release|Any CPU.Build.0 = Release|Any CPU
	EndGlobalSection
	GlobalSection(SolutionProperties) = preSolution
		HideSolutionNode = FALSE
	EndGlobalSection
	GlobalSection(ExtensibilityGlobals) = postSolution
		SolutionGuid = {EACDCCB3-33CC-4212-80C6-39A4165197B7}
	EndGlobalSection
EndGlobal
